
Microsoft Visual Studio Solution File, Format Version 12.00
# Visual Studio Version 17
VisualStudioVersion = 17.4.33103.184
MinimumVisualStudioVersion = 10.0.40219.1
Project("{9A19103F-16F7-4668-BE54-9A1E7A4F7556}") = "WebAPIPlayground", "WebAPIPlayground\WebAPIPlayground.csproj", "{1FAA4004-A420-48EC-85E7-C32AA5476A49}"
EndProject
Project("{9A19103F-16F7-4668-BE54-9A1E7A4F7556}") = "ConsoleAppPlayground", "ConsoleAppPlayground\ConsoleAppPlayground.csproj", "{58E22878-08AE-46B4-8656-15075FD91157}"
EndProject
Project("{9A19103F-16F7-4668-BE54-9A1E7A4F7556}") = "DemoSite", "DemoSite\DemoSite.csproj", "{44184FA1-8195-42CC-AFAA-A4EC36975967}"
EndProject
Project("{9A19103F-16F7-4668-BE54-9A1E7A4F7556}") = "IdentityPlayground", "IdentityPlayground\IdentityPlayground.csproj", "{EAC772D4-08F8-4D96-8D23-C2DDC6AB600F}"
EndProject
Project("{9A19103F-16F7-4668-BE54-9A1E7A4F7556}") = "WebAPPPlayground", "WebAPPPlayground\WebAPPPlayground.csproj", "{BDEBFB5A-ED06-478A-9BD2-702204AB14F7}"
EndProject
Global
	GlobalSection(SolutionConfigurationPlatforms) = preSolution
		Debug|Any CPU = Debug|Any CPU
		Release|Any CPU = Release|Any CPU
	EndGlobalSection
	GlobalSection(ProjectConfigurationPlatforms) = postSolution
		{1FAA4004-A420-48EC-85E7-C32AA5476A49}.Debug|Any CPU.ActiveCfg = Debug|Any CPU
		{1FAA4004-A420-48EC-85E7-C32AA5476A49}.Debug|Any CPU.Build.0 = Debug|Any CPU
		{1FAA4004-A420-48EC-85E7-C32AA5476A49}.Release|Any CPU.ActiveCfg = Release|Any CPU
		{1FAA4004-A420-48EC-85E7-C32AA5476A49}.Release|Any CPU.Build.0 = Release|Any CPU
		{58E22878-08AE-46B4-8656-15075FD91157}.Debug|Any CPU.ActiveCfg = Debug|Any CPU
		{58E22878-08AE-46B4-8656-15075FD91157}.Debug|Any CPU.Build.0 = Debug|Any CPU
		{58E22878-08AE-46B4-8656-15075FD91157}.Release|Any CPU.ActiveCfg = Release|Any CPU
		{58E22878-08AE-46B4-8656-15075FD91157}.Release|Any CPU.Build.0 = Release|Any CPU
		{44184FA1-8195-42CC-AFAA-A4EC36975967}.Debug|Any CPU.ActiveCfg = Debug|Any CPU
		{44184FA1-8195-42CC-AFAA-A4EC36975967}.Debug|Any CPU.Build.0 = Debug|Any CPU
		{44184FA1-8195-42CC-AFAA-A4EC36975967}.Release|Any CPU.ActiveCfg = Release|Any CPU
		{44184FA1-8195-42CC-AFAA-A4EC36975967}.Release|Any CPU.Build.0 = Release|Any CPU
		{EAC772D4-08F8-4D96-8D23-C2DDC6AB600F}.Debug|Any CPU.ActiveCfg = Debug|Any CPU
		{EAC772D4-08F8-4D96-8D23-C2DDC6AB600F}.Debug|Any CPU.Build.0 = Debug|Any CPU
		{EAC772D4-08F8-4D96-8D23-C2DDC6AB600F}.Release|Any CPU.ActiveCfg = Release|Any CPU
		{EAC772D4-08F8-4D96-8D23-C2DDC6AB600F}.Release|Any CPU.Build.0 = Release|Any CPU
		{BDEBFB5A-ED06-478A-9BD2-702204AB14F7}.Debug|Any CPU.ActiveCfg = Debug|Any CPU
		{BDEBFB5A-ED06-478A-9BD2-702204AB14F7}.Debug|Any CPU.Build.0 = Debug|Any CPU
		{BDEBFB5A-ED06-478A-9BD2-702204AB14F7}.Release|Any CPU.ActiveCfg = Release|Any CPU
		{BDEBFB5A-ED06-478A-9BD2-702204AB14F7}.Release|Any CPU.Build.0 = Release|Any CPU
	EndGlobalSection
	GlobalSection(SolutionProperties) = preSolution
		HideSolutionNode = FALSE
	EndGlobalSection
	GlobalSection(ExtensibilityGlobals) = postSolution
		SolutionGuid = {A15F7F7B-0E2E-4C92-B536-B1A27D017FD7}
	EndGlobalSection
EndGlobal
